
Microsoft Visual Studio Solution File, Format Version 12.00
# Visual Studio 2012
Project("{FAE04EC0-301F-11D3-BF4B-00C04F79EFBC}") = "TYWMap", "TYWMap\TYWMap.csproj", "{46F23711-4CC7-45E6-96DF-172879FDAC2A}"
	ProjectSection(ProjectDependencies) = postProject
		{E9DFBA9D-5ADE-4581-9C3C-1AE207C62962} = {E9DFBA9D-5ADE-4581-9C3C-1AE207C62962}
	EndProjectSection
EndProject
Project("{FAE04EC0-301F-11D3-BF4B-00C04F79EFBC}") = "TYWMap.Web", "TYWMap.Web\TYWMap.Web.csproj", "{E9DFBA9D-5ADE-4581-9C3C-1AE207C62962}"
EndProject
Global
	GlobalSection(SolutionConfigurationPlatforms) = preSolution
		Debug|Any CPU = Debug|Any CPU
		Release|Any CPU = Release|Any CPU
	EndGlobalSection
	GlobalSection(ProjectConfigurationPlatforms) = postSolution
		{46F23711-4CC7-45E6-96DF-172879FDAC2A}.Debug|Any CPU.ActiveCfg = Debug|Any CPU
		{46F23711-4CC7-45E6-96DF-172879FDAC2A}.Debug|Any CPU.Build.0 = Debug|Any CPU
		{46F23711-4CC7-45E6-96DF-172879FDAC2A}.Release|Any CPU.ActiveCfg = Release|Any CPU
		{46F23711-4CC7-45E6-96DF-172879FDAC2A}.Release|Any CPU.Build.0 = Release|Any CPU
		{E9DFBA9D-5ADE-4581-9C3C-1AE207C62962}.Debug|Any CPU.ActiveCfg = Debug|Any CPU
		{E9DFBA9D-5ADE-4581-9C3C-1AE207C62962}.Debug|Any CPU.Build.0 = Debug|Any CPU
		{E9DFBA9D-5ADE-4581-9C3C-1AE207C62962}.Release|Any CPU.ActiveCfg = Release|Any CPU
		{E9DFBA9D-5ADE-4581-9C3C-1AE207C62962}.Release|Any CPU.Build.0 = Release|Any CPU
	EndGlobalSection
	GlobalSection(SolutionProperties) = preSolution
		HideSolutionNode = FALSE
	EndGlobalSection
EndGlobal
